
Microsoft Visual Studio Solution File, Format Version 12.00
# Visual Studio 15
VisualStudioVersion = 15.0.28010.2050
MinimumVisualStudioVersion = 10.0.40219.1
Project("{9A19103F-16F7-4668-BE54-9A1E7A4F7556}") = "WebApp1", "WebApp1\WebApp1.csproj", "{5FFF2B1C-F8BA-459D-8852-FA5A922C8415}"
EndProject
Project("{2150E333-8FDC-42A3-9474-1A3956D46DE8}") = "Solution Items", "Solution Items", "{FF48D847-03F3-4ECA-BE3E-4F3D59C6EB6C}"
EndProject
Global
	GlobalSection(SolutionConfigurationPlatforms) = preSolution
		Debug|Any CPU = Debug|Any CPU
		Release|Any CPU = Release|Any CPU
	EndGlobalSection
	GlobalSection(ProjectConfigurationPlatforms) = postSolution
		{5FFF2B1C-F8BA-459D-8852-FA5A922C8415}.Debug|Any CPU.ActiveCfg = Debug|Any CPU
		{5FFF2B1C-F8BA-459D-8852-FA5A922C8415}.Debug|Any CPU.Build.0 = Debug|Any CPU
		{5FFF2B1C-F8BA-459D-8852-FA5A922C8415}.Release|Any CPU.ActiveCfg = Release|Any CPU
		{5FFF2B1C-F8BA-459D-8852-FA5A922C8415}.Release|Any CPU.Build.0 = Release|Any CPU
	EndGlobalSection
	GlobalSection(SolutionProperties) = preSolution
		HideSolutionNode = FALSE
	EndGlobalSection
	GlobalSection(ExtensibilityGlobals) = postSolution
		SolutionGuid = {A3CABCEF-2FE9-4501-ACED-4EB87AF29050}
	EndGlobalSection
EndGlobal
